
Microsoft Visual Studio Solution File, Format Version 12.00
# Visual Studio Version 17
VisualStudioVersion = 17.0.31903.59
MinimumVisualStudioVersion = 10.0.40219.1
Project("{FAE04EC0-301F-11D3-BF4B-00C04F79EFBC}") = "Presentation", "Presentation Layer\Presentation.csproj", "{A00E31F9-20C1-47F6-9719-DB82CCAA4A77}"
EndProject
Project("{FAE04EC0-301F-11D3-BF4B-00C04F79EFBC}") = "Domain", "Domain Layer\Domain.csproj", "{C24C169D-E770-4D11-B589-EEFF1BBBE316}"
EndProject
Project("{FAE04EC0-301F-11D3-BF4B-00C04F79EFBC}") = "Repository", "Repository Layer\Repository.csproj", "{48446AFB-9425-4DBC-AEB8-C1CDADAFCA16}"
EndProject
Project("{FAE04EC0-301F-11D3-BF4B-00C04F79EFBC}") = "Infrastructure", "Infrastructure Layer\Infrastructure.csproj", "{AB1838C1-47D5-4202-8A11-9A42800AA983}"
EndProject
Project("{FAE04EC0-301F-11D3-BF4B-00C04F79EFBC}") = "Startup", "Startup\Startup.csproj", "{83F19CEC-ED86-4E92-9A9D-93171611911F}"
EndProject
Project("{FAE04EC0-301F-11D3-BF4B-00C04F79EFBC}") = "Services", "Service Layer\Services.csproj", "{54CF53F9-5794-42AD-B20A-306970261A64}"
EndProject
Global
	GlobalSection(SolutionConfigurationPlatforms) = preSolution
		Debug|Any CPU = Debug|Any CPU
		Release|Any CPU = Release|Any CPU
	EndGlobalSection
	GlobalSection(SolutionProperties) = preSolution
		HideSolutionNode = FALSE
	EndGlobalSection
	GlobalSection(ProjectConfigurationPlatforms) = postSolution
		{A00E31F9-20C1-47F6-9719-DB82CCAA4A77}.Debug|Any CPU.ActiveCfg = Debug|Any CPU
		{A00E31F9-20C1-47F6-9719-DB82CCAA4A77}.Debug|Any CPU.Build.0 = Debug|Any CPU
		{A00E31F9-20C1-47F6-9719-DB82CCAA4A77}.Release|Any CPU.ActiveCfg = Release|Any CPU
		{A00E31F9-20C1-47F6-9719-DB82CCAA4A77}.Release|Any CPU.Build.0 = Release|Any CPU
		{C24C169D-E770-4D11-B589-EEFF1BBBE316}.Debug|Any CPU.ActiveCfg = Debug|Any CPU
		{C24C169D-E770-4D11-B589-EEFF1BBBE316}.Debug|Any CPU.Build.0 = Debug|Any CPU
		{C24C169D-E770-4D11-B589-EEFF1BBBE316}.Release|Any CPU.ActiveCfg = Release|Any CPU
		{C24C169D-E770-4D11-B589-EEFF1BBBE316}.Release|Any CPU.Build.0 = Release|Any CPU
		{48446AFB-9425-4DBC-AEB8-C1CDADAFCA16}.Debug|Any CPU.ActiveCfg = Debug|Any CPU
		{48446AFB-9425-4DBC-AEB8-C1CDADAFCA16}.Debug|Any CPU.Build.0 = Debug|Any CPU
		{48446AFB-9425-4DBC-AEB8-C1CDADAFCA16}.Release|Any CPU.ActiveCfg = Release|Any CPU
		{48446AFB-9425-4DBC-AEB8-C1CDADAFCA16}.Release|Any CPU.Build.0 = Release|Any CPU
		{AB1838C1-47D5-4202-8A11-9A42800AA983}.Debug|Any CPU.ActiveCfg = Debug|Any CPU
		{AB1838C1-47D5-4202-8A11-9A42800AA983}.Debug|Any CPU.Build.0 = Debug|Any CPU
		{AB1838C1-47D5-4202-8A11-9A42800AA983}.Release|Any CPU.ActiveCfg = Release|Any CPU
		{AB1838C1-47D5-4202-8A11-9A42800AA983}.Release|Any CPU.Build.0 = Release|Any CPU
		{83F19CEC-ED86-4E92-9A9D-93171611911F}.Debug|Any CPU.ActiveCfg = Debug|Any CPU
		{83F19CEC-ED86-4E92-9A9D-93171611911F}.Debug|Any CPU.Build.0 = Debug|Any CPU
		{83F19CEC-ED86-4E92-9A9D-93171611911F}.Release|Any CPU.ActiveCfg = Release|Any CPU
		{83F19CEC-ED86-4E92-9A9D-93171611911F}.Release|Any CPU.Build.0 = Release|Any CPU
		{54CF53F9-5794-42AD-B20A-306970261A64}.Debug|Any CPU.ActiveCfg = Debug|Any CPU
		{54CF53F9-5794-42AD-B20A-306970261A64}.Debug|Any CPU.Build.0 = Debug|Any CPU
		{54CF53F9-5794-42AD-B20A-306970261A64}.Release|Any CPU.ActiveCfg = Release|Any CPU
		{54CF53F9-5794-42AD-B20A-306970261A64}.Release|Any CPU.Build.0 = Release|Any CPU
	EndGlobalSection
EndGlobal
